<?xml version="1.0"?>
<plist version="1.0">
	<dict>
		<key>archiveVersion</key>
		<string>1</string>
		<key>classes</key>
		<dict />
		<key>objectVersion</key>
		<string>46</string>
		<key>objects</key>
		<dict>
			<key>58DFEB408738BA8CC03B9E38</key>
			<dict>
				<key>explicitFileType</key>
				<string>sourcecode.c.h</string>
				<key>fileEncoding</key>
				<string>30</string>
				<key>isa</key>
				<string>PBXFileReference</string>
				<key>name</key>
				<string>powerBases.h</string>
				<key>path</key>
				<string>../../../addons/ofxPolyfit/libs/polyNfit/src/powerBases.h</string>
				<key>sourceTree</key>
				<string>SOURCE_ROOT</string>
			</dict>
			<key>2A35C1702297968B95FF6724</key>
			<dict>
				<key>fileRef</key>
				<string>40A648CF2FE66BC1A2D36963</string>
				<key>isa</key>
				<string>PBXBuildFile</string>
			</dict>
			<key>40A648CF2FE66BC1A2D36963</key>
			<dict>
				<key>explicitFileType</key>
				<string>sourcecode.cpp.cpp</string>
				<key>fileEncoding</key>
				<string>30</string>
				<key>isa</key>
				<string>PBXFileReference</string>
				<key>name</key>
				<string>powerBases.cpp</string>
				<key>path</key>
				<string>../../../addons/ofxPolyfit/libs/polyNfit/src/powerBases.cpp</string>
				<key>sourceTree</key>
				<string>SOURCE_ROOT</string>
			</dict>
			<key>E2167D4CCACC1BC92D283146</key>
			<dict>
				<key>explicitFileType</key>
				<string>sourcecode.c.h</string>
				<key>fileEncoding</key>
				<string>30</string>
				<key>isa</key>
				<string>PBXFileReference</string>
				<key>name</key>
				<string>polyNfit.h</string>
				<key>path</key>
				<string>../../../addons/ofxPolyfit/libs/polyNfit/src/polyNfit.h</string>
				<key>sourceTree</key>
				<string>SOURCE_ROOT</string>
			</dict>
			<key>46E71D95D0B482D8633E9351</key>
			<dict>
				<key>fileRef</key>
				<string>198DE20173B5324F55E2D2FB</string>
				<key>isa</key>
				<string>PBXBuildFile</string>
			</dict>
			<key>198DE20173B5324F55E2D2FB</key>
			<dict>
				<key>explicitFileType</key>
				<string>sourcecode.cpp.cpp</string>
				<key>fileEncoding</key>
				<string>30</string>
				<key>isa</key>
				<string>PBXFileReference</string>
				<key>name</key>
				<string>polyNfit.cpp</string>
				<key>path</key>
				<string>../../../addons/ofxPolyfit/libs/polyNfit/src/polyNfit.cpp</string>
				<key>sourceTree</key>
				<string>SOURCE_ROOT</string>
			</dict>
			<key>35B5F1478FF0EFD4D99DDFFF</key>
			<dict>
				<key>explicitFileType</key>
				<string>sourcecode.c.h</string>
				<key>fileEncoding</key>
				<string>30</string>
				<key>isa</key>
				<string>PBXFileReference</string>
				<key>name</key>
				<string>matrix.h</string>
				<key>path</key>
				<string>../../../addons/ofxPolyfit/libs/polyNfit/src/matrix.h</string>
				<key>sourceTree</key>
				<string>SOURCE_ROOT</string>
			</dict>
			<key>B77FE4F6B9651FF7A85CFFB5</key>
			<dict>
				<key>fileRef</key>
				<string>E2702BC2B03264938DFC32D2</string>
				<key>isa</key>
				<string>PBXBuildFile</string>
			</dict>
			<key>E2702BC2B03264938DFC32D2</key>
			<dict>
				<key>explicitFileType</key>
				<string>sourcecode.cpp.cpp</string>
				<key>fileEncoding</key>
				<string>30</string>
				<key>isa</key>
				<string>PBXFileReference</string>
				<key>name</key>
				<string>matrix.cpp</string>
				<key>path</key>
				<string>../../../addons/ofxPolyfit/libs/polyNfit/src/matrix.cpp</string>
				<key>sourceTree</key>
				<string>SOURCE_ROOT</string>
			</dict>
			<key>821FAB2697235DE04590F870</key>
			<dict>
				<key>explicitFileType</key>
				<string>sourcecode.c.h</string>
				<key>fileEncoding</key>
				<string>30</string>
				<key>isa</key>
				<string>PBXFileReference</string>
				<key>name</key>
				<string>FitBase.h</string>
				<key>path</key>
				<string>../../../addons/ofxPolyfit/libs/polyNfit/src/FitBase.h</string>
				<key>sourceTree</key>
				<string>SOURCE_ROOT</string>
			</dict>
			<key>E15509ECD0D857D6FD58A1B4</key>
			<dict>
				<key>fileRef</key>
				<string>BDD39EA536B2A035BCA4983E</string>
				<key>isa</key>
				<string>PBXBuildFile</string>
			</dict>
			<key>BDD39EA536B2A035BCA4983E</key>
			<dict>
				<key>explicitFileType</key>
				<string>sourcecode.cpp.cpp</string>
				<key>fileEncoding</key>
				<string>30</string>
				<key>isa</key>
				<string>PBXFileReference</string>
				<key>name</key>
				<string>FitBase.cpp</string>
				<key>path</key>
				<string>../../../addons/ofxPolyfit/libs/polyNfit/src/FitBase.cpp</string>
				<key>sourceTree</key>
				<string>SOURCE_ROOT</string>
			</dict>
			<key>9B16F052DA06C822A9CC8FF5</key>
			<dict>
				<key>explicitFileType</key>
				<string>sourcecode.c.h</string>
				<key>fileEncoding</key>
				<string>30</string>
				<key>isa</key>
				<string>PBXFileReference</string>
				<key>name</key>
				<string>pfitDataSet.h</string>
				<key>path</key>
				<string>../../../addons/ofxPolyfit/libs/polyNfit/src/Data/pfitDataSet.h</string>
				<key>sourceTree</key>
				<string>SOURCE_ROOT</string>
			</dict>
			<key>F347872983C34B9241F47A9C</key>
			<dict>
				<key>fileRef</key>
				<string>2192B40F68813674241024DC</string>
				<key>isa</key>
				<string>PBXBuildFile</string>
			</dict>
			<key>2192B40F68813674241024DC</key>
			<dict>
				<key>explicitFileType</key>
				<string>sourcecode.cpp.cpp</string>
				<key>fileEncoding</key>
				<string>30</string>
				<key>isa</key>
				<string>PBXFileReference</string>
				<key>name</key>
				<string>pfitDataSet.cpp</string>
				<key>path</key>
				<string>../../../addons/ofxPolyfit/libs/polyNfit/src/Data/pfitDataSet.cpp</string>
				<key>sourceTree</key>
				<string>SOURCE_ROOT</string>
			</dict>
			<key>57D86C64A47E42E65C6A7BAD</key>
			<dict>
				<key>explicitFileType</key>
				<string>sourcecode.c.h</string>
				<key>fileEncoding</key>
				<string>30</string>
				<key>isa</key>
				<string>PBXFileReference</string>
				<key>name</key>
				<string>pfitDataPoint.h</string>
				<key>path</key>
				<string>../../../addons/ofxPolyfit/libs/polyNfit/src/Data/pfitDataPoint.h</string>
				<key>sourceTree</key>
				<string>SOURCE_ROOT</string>
			</dict>
			<key>94D03B24561CD80C20565562</key>
			<dict>
				<key>fileRef</key>
				<string>AC94E65910A6809C106702C3</string>
				<key>isa</key>
				<string>PBXBuildFile</string>
			</dict>
			<key>AC94E65910A6809C106702C3</key>
			<dict>
				<key>explicitFileType</key>
				<string>sourcecode.cpp.cpp</string>
				<key>fileEncoding</key>
				<string>30</string>
				<key>isa</key>
				<string>PBXFileReference</string>
				<key>name</key>
				<string>pfitDataPoint.cpp</string>
				<key>path</key>
				<string>../../../addons/ofxPolyfit/libs/polyNfit/src/Data/pfitDataPoint.cpp</string>
				<key>sourceTree</key>
				<string>SOURCE_ROOT</string>
			</dict>
			<key>FCF94427BD7646760510D646</key>
			<dict>
				<key>explicitFileType</key>
				<string>sourcecode.c.h</string>
				<key>fileEncoding</key>
				<string>30</string>
				<key>isa</key>
				<string>PBXFileReference</string>
				<key>name</key>
				<string>pfitBasis.h</string>
				<key>path</key>
				<string>../../../addons/ofxPolyfit/libs/polyNfit/src/Data/pfitBasis.h</string>
				<key>sourceTree</key>
				<string>SOURCE_ROOT</string>
			</dict>
			<key>4788CB1B163E18703254F8CE</key>
			<dict>
				<key>children</key>
				<array>
					<string>525C9236643AA45A51E30F99</string>
					<string>FCF94427BD7646760510D646</string>
					<string>AC94E65910A6809C106702C3</string>
					<string>57D86C64A47E42E65C6A7BAD</string>
					<string>2192B40F68813674241024DC</string>
					<string>9B16F052DA06C822A9CC8FF5</string>
				</array>
				<key>isa</key>
				<string>PBXGroup</string>
				<key>name</key>
				<string>Data</string>
				<key>sourceTree</key>
				<string>&lt;group&gt;</string>
			</dict>
			<key>A1007BF5177F80971AE5B476</key>
			<dict>
				<key>fileRef</key>
				<string>525C9236643AA45A51E30F99</string>
				<key>isa</key>
				<string>PBXBuildFile</string>
			</dict>
			<key>525C9236643AA45A51E30F99</key>
			<dict>
				<key>explicitFileType</key>
				<string>sourcecode.cpp.cpp</string>
				<key>fileEncoding</key>
				<string>30</string>
				<key>isa</key>
				<string>PBXFileReference</string>
				<key>name</key>
				<string>pfitBasis.cpp</string>
				<key>path</key>
				<string>../../../addons/ofxPolyfit/libs/polyNfit/src/Data/pfitBasis.cpp</string>
				<key>sourceTree</key>
				<string>SOURCE_ROOT</string>
			</dict>
			<key>8CB5D000BD7B3EDD67999DD6</key>
			<dict>
				<key>explicitFileType</key>
				<string>sourcecode.c.h</string>
				<key>fileEncoding</key>
				<string>30</string>
				<key>isa</key>
				<string>PBXFileReference</string>
				<key>name</key>
				<string>basisTransformIndices.h</string>
				<key>path</key>
				<string>../../../addons/ofxPolyfit/libs/polyNfit/src/basisTransformIndices.h</string>
				<key>sourceTree</key>
				<string>SOURCE_ROOT</string>
			</dict>
			<key>8D700AAB3CACB82AEE25D456</key>
			<dict>
				<key>children</key>
				<array>
					<string>BFC541BE94DD0597A3FD9018</string>
					<string>8CB5D000BD7B3EDD67999DD6</string>
					<string>4788CB1B163E18703254F8CE</string>
					<string>BDD39EA536B2A035BCA4983E</string>
					<string>821FAB2697235DE04590F870</string>
					<string>E2702BC2B03264938DFC32D2</string>
					<string>35B5F1478FF0EFD4D99DDFFF</string>
					<string>198DE20173B5324F55E2D2FB</string>
					<string>E2167D4CCACC1BC92D283146</string>
					<string>40A648CF2FE66BC1A2D36963</string>
					<string>58DFEB408738BA8CC03B9E38</string>
				</array>
				<key>isa</key>
				<string>PBXGroup</string>
				<key>name</key>
				<string>src</string>
				<key>sourceTree</key>
				<string>&lt;group&gt;</string>
			</dict>
			<key>59D56CC8F0FBD73EF8910616</key>
			<dict>
				<key>children</key>
				<array>
					<string>8D700AAB3CACB82AEE25D456</string>
				</array>
				<key>isa</key>
				<string>PBXGroup</string>
				<key>name</key>
				<string>polyNfit</string>
				<key>sourceTree</key>
				<string>&lt;group&gt;</string>
			</dict>
			<key>E2DB5DA9F75341A73ED1F2E4</key>
			<dict>
				<key>children</key>
				<array>
					<string>59D56CC8F0FBD73EF8910616</string>
				</array>
				<key>isa</key>
				<string>PBXGroup</string>
				<key>name</key>
				<string>libs</string>
				<key>sourceTree</key>
				<string>&lt;group&gt;</string>
			</dict>
			<key>E6F00B7A366DC72A606CD702</key>
			<dict>
				<key>fileRef</key>
				<string>BFC541BE94DD0597A3FD9018</string>
				<key>isa</key>
				<string>PBXBuildFile</string>
			</dict>
			<key>BFC541BE94DD0597A3FD9018</key>
			<dict>
				<key>explicitFileType</key>
				<string>sourcecode.cpp.cpp</string>
				<key>fileEncoding</key>
				<string>30</string>
				<key>isa</key>
				<string>PBXFileReference</string>
				<key>name</key>
				<string>basisTransformIndices.cpp</string>
				<key>path</key>
				<string>../../../addons/ofxPolyfit/libs/polyNfit/src/basisTransformIndices.cpp</string>
				<key>sourceTree</key>
				<string>SOURCE_ROOT</string>
			</dict>
			<key>CD37C47A6B111081BCDDC7A0</key>
			<dict>
				<key>explicitFileType</key>
				<string>sourcecode.c.h</string>
				<key>fileEncoding</key>
				<string>30</string>
				<key>isa</key>
				<string>PBXFileReference</string>
				<key>name</key>
				<string>ofxPolyPlane.h</string>
				<key>path</key>
				<string>../../../addons/ofxPolyfit/src/ofxPolyPlane.h</string>
				<key>sourceTree</key>
				<string>SOURCE_ROOT</string>
			</dict>
			<key>BAFD25C591F1CE8E5BFBCB62</key>
			<dict>
				<key>fileRef</key>
				<string>D9B2DBB8ECCF17520254B9CB</string>
				<key>isa</key>
				<string>PBXBuildFile</string>
			</dict>
			<key>D9B2DBB8ECCF17520254B9CB</key>
			<dict>
				<key>explicitFileType</key>
				<string>sourcecode.cpp.cpp</string>
				<key>fileEncoding</key>
				<string>30</string>
				<key>isa</key>
				<string>PBXFileReference</string>
				<key>name</key>
				<string>ofxPolyPlane.cpp</string>
				<key>path</key>
				<string>../../../addons/ofxPolyfit/src/ofxPolyPlane.cpp</string>
				<key>sourceTree</key>
				<string>SOURCE_ROOT</string>
			</dict>
			<key>359112CF2037FD147ACD8E3D</key>
			<dict>
				<key>explicitFileType</key>
				<string>sourcecode.c.h</string>
				<key>fileEncoding</key>
				<string>30</string>
				<key>isa</key>
				<string>PBXFileReference</string>
				<key>name</key>
				<string>ofxPolyFit.h</string>
				<key>path</key>
				<string>../../../addons/ofxPolyfit/src/ofxPolyFit.h</string>
				<key>sourceTree</key>
				<string>SOURCE_ROOT</string>
			</dict>
			<key>EACF80F0689595DE90DB93EE</key>
			<dict>
				<key>children</key>
				<array>
					<string>AB3ADC405144E6C0BA5AFAD5</string>
					<string>359112CF2037FD147ACD8E3D</string>
					<string>D9B2DBB8ECCF17520254B9CB</string>
					<string>CD37C47A6B111081BCDDC7A0</string>
				</array>
				<key>isa</key>
				<string>PBXGroup</string>
				<key>name</key>
				<string>src</string>
				<key>sourceTree</key>
				<string>&lt;group&gt;</string>
			</dict>
			<key>B62D247FEBBDBCC58E372445</key>
			<dict>
				<key>children</key>
				<array>
					<string>EACF80F0689595DE90DB93EE</string>
					<string>E2DB5DA9F75341A73ED1F2E4</string>
				</array>
				<key>isa</key>
				<string>PBXGroup</string>
				<key>name</key>
				<string>ofxPolyfit</string>
				<key>sourceTree</key>
				<string>&lt;group&gt;</string>
			</dict>
			<key>B07D84D5AF2CEBA47D5A7FA7</key>
			<dict>
				<key>fileRef</key>
				<string>AB3ADC405144E6C0BA5AFAD5</string>
				<key>isa</key>
				<string>PBXBuildFile</string>
			</dict>
			<key>AB3ADC405144E6C0BA5AFAD5</key>
			<dict>
				<key>explicitFileType</key>
				<string>sourcecode.cpp.cpp</string>
				<key>fileEncoding</key>
				<string>30</string>
				<key>isa</key>
				<string>PBXFileReference</string>
				<key>name</key>
				<string>ofxPolyFit.cpp</string>
				<key>path</key>
				<string>../../../addons/ofxPolyfit/src/ofxPolyFit.cpp</string>
				<key>sourceTree</key>
				<string>SOURCE_ROOT</string>
			</dict>
			<key>BB4B014C10F69532006C3DED</key>
			<dict>
				<key>children</key>
				<array>
					<string>B62D247FEBBDBCC58E372445</string>
				</array>
				<key>isa</key>
				<string>PBXGroup</string>
				<key>name</key>
				<string>addons</string>
				<key>sourceTree</key>
				<string>&lt;group&gt;</string>
			</dict>
			<key>BBAB23BE13894E4700AA2426</key>
			<dict>
				<key>isa</key>
				<string>PBXFileReference</string>
				<key>lastKnownFileType</key>
				<string>wrapper.framework</string>
				<key>name</key>
				<string>GLUT.framework</string>
				<key>path</key>
				<string>../../../libs/glut/lib/osx/GLUT.framework</string>
				<key>sourceTree</key>
				<string>&lt;group&gt;</string>
			</dict>
			<key>BBAB23C913894ECA00AA2426</key>
			<dict>
				<key>children</key>
				<array>
					<string>E7F985F515E0DE99003869B5</string>
					<string>E4C2424410CC5A17004149E2</string>
					<string>E4C2424510CC5A17004149E2</string>
					<string>E4C2424610CC5A17004149E2</string>
					<string>E45BE9710E8CC7DD009D7055</string>
					<string>E45BE9720E8CC7DD009D7055</string>
					<string>E45BE9730E8CC7DD009D7055</string>
					<string>E45BE9750E8CC7DD009D7055</string>
					<string>E45BE9760E8CC7DD009D7055</string>
					<string>E45BE9770E8CC7DD009D7055</string>
					<string>E45BE9790E8CC7DD009D7055</string>
					<string>E45BE97A0E8CC7DD009D7055</string>
					<string>E7E077E415D3B63C0020DFD4</string>
					<string>E7E077E715D3B6510020DFD4</string>
				</array>
				<key>isa</key>
				<string>PBXGroup</string>
				<key>name</key>
				<string>system frameworks</string>
				<key>sourceTree</key>
				<string>&lt;group&gt;</string>
			</dict>
			<key>BBAB23CA13894EDB00AA2426</key>
			<dict>
				<key>children</key>
				<array>
					<string>BBAB23BE13894E4700AA2426</string>
				</array>
				<key>isa</key>
				<string>PBXGroup</string>
				<key>name</key>
				<string>3rd party frameworks</string>
				<key>sourceTree</key>
				<string>&lt;group&gt;</string>
			</dict>
			<key>BBAB23CB13894F3D00AA2426</key>
			<dict>
				<key>fileRef</key>
				<string>BBAB23BE13894E4700AA2426</string>
				<key>isa</key>
				<string>PBXBuildFile</string>
			</dict>
			<key>E4328143138ABC890047C5CB</key>
			<dict>
				<key>isa</key>
				<string>PBXFileReference</string>
				<key>lastKnownFileType</key>
				<string>wrapper.pb-project</string>
				<key>name</key>
				<string>openFrameworksLib.xcodeproj</string>
				<key>path</key>
				<string>../../../libs/openFrameworksCompiled/project/osx/openFrameworksLib.xcodeproj</string>
				<key>sourceTree</key>
				<string>SOURCE_ROOT</string>
			</dict>
			<key>E4328144138ABC890047C5CB</key>
			<dict>
				<key>children</key>
				<array>
					<string>E4328148138ABC890047C5CB</string>
				</array>
				<key>isa</key>
				<string>PBXGroup</string>
				<key>name</key>
				<string>Products</string>
				<key>sourceTree</key>
				<string>&lt;group&gt;</string>
			</dict>
			<key>E4328147138ABC890047C5CB</key>
			<dict>
				<key>containerPortal</key>
				<string>E4328143138ABC890047C5CB</string>
				<key>isa</key>
				<string>PBXContainerItemProxy</string>
				<key>proxyType</key>
				<string>2</string>
				<key>remoteGlobalIDString</key>
				<string>E4B27C1510CBEB8E00536013</string>
				<key>remoteInfo</key>
				<string>openFrameworks</string>
			</dict>
			<key>E4328148138ABC890047C5CB</key>
			<dict>
				<key>fileType</key>
				<string>archive.ar</string>
				<key>isa</key>
				<string>PBXReferenceProxy</string>
				<key>path</key>
				<string>openFrameworksDebug.a</string>
				<key>remoteRef</key>
				<string>E4328147138ABC890047C5CB</string>
				<key>sourceTree</key>
				<string>BUILT_PRODUCTS_DIR</string>
			</dict>
			<key>E4328149138ABC9F0047C5CB</key>
			<dict>
				<key>fileRef</key>
				<string>E4328148138ABC890047C5CB</string>
				<key>isa</key>
				<string>PBXBuildFile</string>
			</dict>
			<key>E45BE5980E8CC70C009D7055</key>
			<dict>
				<key>children</key>
				<array>
					<string>BBAB23CA13894EDB00AA2426</string>
					<string>BBAB23C913894ECA00AA2426</string>
				</array>
				<key>isa</key>
				<string>PBXGroup</string>
				<key>name</key>
				<string>frameworks</string>
				<key>sourceTree</key>
				<string>&lt;group&gt;</string>
			</dict>
			<key>E45BE9710E8CC7DD009D7055</key>
			<dict>
				<key>isa</key>
				<string>PBXFileReference</string>
				<key>lastKnownFileType</key>
				<string>wrapper.framework</string>
				<key>name</key>
				<string>AGL.framework</string>
				<key>path</key>
				<string>/System/Library/Frameworks/AGL.framework</string>
				<key>sourceTree</key>
				<string>&lt;absolute&gt;</string>
			</dict>
			<key>E45BE9720E8CC7DD009D7055</key>
			<dict>
				<key>isa</key>
				<string>PBXFileReference</string>
				<key>lastKnownFileType</key>
				<string>wrapper.framework</string>
				<key>name</key>
				<string>ApplicationServices.framework</string>
				<key>path</key>
				<string>/System/Library/Frameworks/ApplicationServices.framework</string>
				<key>sourceTree</key>
				<string>&lt;absolute&gt;</string>
			</dict>
			<key>E45BE9730E8CC7DD009D7055</key>
			<dict>
				<key>isa</key>
				<string>PBXFileReference</string>
				<key>lastKnownFileType</key>
				<string>wrapper.framework</string>
				<key>name</key>
				<string>AudioToolbox.framework</string>
				<key>path</key>
				<string>/System/Library/Frameworks/AudioToolbox.framework</string>
				<key>sourceTree</key>
				<string>&lt;absolute&gt;</string>
			</dict>
			<key>E45BE9750E8CC7DD009D7055</key>
			<dict>
				<key>isa</key>
				<string>PBXFileReference</string>
				<key>lastKnownFileType</key>
				<string>wrapper.framework</string>
				<key>name</key>
				<string>CoreAudio.framework</string>
				<key>path</key>
				<string>/System/Library/Frameworks/CoreAudio.framework</string>
				<key>sourceTree</key>
				<string>&lt;absolute&gt;</string>
			</dict>
			<key>E45BE9760E8CC7DD009D7055</key>
			<dict>
				<key>isa</key>
				<string>PBXFileReference</string>
				<key>lastKnownFileType</key>
				<string>wrapper.framework</string>
				<key>name</key>
				<string>CoreFoundation.framework</string>
				<key>path</key>
				<string>/System/Library/Frameworks/CoreFoundation.framework</string>
				<key>sourceTree</key>
				<string>&lt;absolute&gt;</string>
			</dict>
			<key>E45BE9770E8CC7DD009D7055</key>
			<dict>
				<key>isa</key>
				<string>PBXFileReference</string>
				<key>lastKnownFileType</key>
				<string>wrapper.framework</string>
				<key>name</key>
				<string>CoreServices.framework</string>
				<key>path</key>
				<string>/System/Library/Frameworks/CoreServices.framework</string>
				<key>sourceTree</key>
				<string>&lt;absolute&gt;</string>
			</dict>
			<key>E45BE9790E8CC7DD009D7055</key>
			<dict>
				<key>isa</key>
				<string>PBXFileReference</string>
				<key>lastKnownFileType</key>
				<string>wrapper.framework</string>
				<key>name</key>
				<string>OpenGL.framework</string>
				<key>path</key>
				<string>/System/Library/Frameworks/OpenGL.framework</string>
				<key>sourceTree</key>
				<string>&lt;absolute&gt;</string>
			</dict>
			<key>E45BE97A0E8CC7DD009D7055</key>
			<dict>
				<key>isa</key>
				<string>PBXFileReference</string>
				<key>lastKnownFileType</key>
				<string>wrapper.framework</string>
				<key>name</key>
				<string>QuickTime.framework</string>
				<key>path</key>
				<string>/System/Library/Frameworks/QuickTime.framework</string>
				<key>sourceTree</key>
				<string>&lt;absolute&gt;</string>
			</dict>
			<key>E45BE97B0E8CC7DD009D7055</key>
			<dict>
				<key>fileRef</key>
				<string>E45BE9710E8CC7DD009D7055</string>
				<key>isa</key>
				<string>PBXBuildFile</string>
			</dict>
			<key>E45BE97C0E8CC7DD009D7055</key>
			<dict>
				<key>fileRef</key>
				<string>E45BE9720E8CC7DD009D7055</string>
				<key>isa</key>
				<string>PBXBuildFile</string>
			</dict>
			<key>E45BE97D0E8CC7DD009D7055</key>
			<dict>
				<key>fileRef</key>
				<string>E45BE9730E8CC7DD009D7055</string>
				<key>isa</key>
				<string>PBXBuildFile</string>
			</dict>
			<key>E45BE97F0E8CC7DD009D7055</key>
			<dict>
				<key>fileRef</key>
				<string>E45BE9750E8CC7DD009D7055</string>
				<key>isa</key>
				<string>PBXBuildFile</string>
			</dict>
			<key>E45BE9800E8CC7DD009D7055</key>
			<dict>
				<key>fileRef</key>
				<string>E45BE9760E8CC7DD009D7055</string>
				<key>isa</key>
				<string>PBXBuildFile</string>
			</dict>
			<key>E45BE9810E8CC7DD009D7055</key>
			<dict>
				<key>fileRef</key>
				<string>E45BE9770E8CC7DD009D7055</string>
				<key>isa</key>
				<string>PBXBuildFile</string>
			</dict>
			<key>E45BE9830E8CC7DD009D7055</key>
			<dict>
				<key>fileRef</key>
				<string>E45BE9790E8CC7DD009D7055</string>
				<key>isa</key>
				<string>PBXBuildFile</string>
			</dict>
			<key>E45BE9840E8CC7DD009D7055</key>
			<dict>
				<key>fileRef</key>
				<string>E45BE97A0E8CC7DD009D7055</string>
				<key>isa</key>
				<string>PBXBuildFile</string>
			</dict>
			<key>E4B69B4A0A3A1720003C02F2</key>
			<dict>
				<key>children</key>
				<array>
					<string>E4B6FCAD0C3E899E008CF71C</string>
					<string>E4EB6923138AFD0F00A09F29</string>
					<string>E4B69E1C0A3A1BDC003C02F2</string>
					<string>E4EEC9E9138DF44700A80321</string>
					<string>BB4B014C10F69532006C3DED</string>
					<string>E45BE5980E8CC70C009D7055</string>
					<string>E4B69B5B0A3A1756003C02F2</string>
				</array>
				<key>isa</key>
				<string>PBXGroup</string>
				<key>sourceTree</key>
				<string>&lt;group&gt;</string>
			</dict>
			<key>E4B69B4C0A3A1720003C02F2</key>
			<dict>
				<key>attributes</key>
				<dict>
					<key>LastUpgradeCheck</key>
					<string>0460</string>
				</dict>
				<key>buildConfigurationList</key>
				<string>E4B69B4D0A3A1720003C02F2</string>
				<key>compatibilityVersion</key>
				<string>Xcode 3.2</string>
				<key>developmentRegion</key>
				<string>English</string>
				<key>hasScannedForEncodings</key>
				<string>0</string>
				<key>isa</key>
				<string>PBXProject</string>
				<key>knownRegions</key>
				<array>
					<string>English</string>
					<string>Japanese</string>
					<string>French</string>
					<string>German</string>
				</array>
				<key>mainGroup</key>
				<string>E4B69B4A0A3A1720003C02F2</string>
				<key>productRefGroup</key>
				<string>E4B69B4A0A3A1720003C02F2</string>
				<key>projectDirPath</key>
				<string />
				<key>projectReferences</key>
				<array>
					<dict>
						<key>ProductGroup</key>
						<string>E4328144138ABC890047C5CB</string>
						<key>ProjectRef</key>
						<string>E4328143138ABC890047C5CB</string>
					</dict>
				</array>
				<key>projectRoot</key>
				<string />
				<key>targets</key>
				<array>
					<string>E4B69B5A0A3A1756003C02F2</string>
				</array>
			</dict>
			<key>E4B69B4D0A3A1720003C02F2</key>
			<dict>
				<key>buildConfigurations</key>
				<array>
					<string>E4B69B4E0A3A1720003C02F2</string>
					<string>E4B69B4F0A3A1720003C02F2</string>
				</array>
				<key>defaultConfigurationIsVisible</key>
				<string>0</string>
				<key>defaultConfigurationName</key>
				<string>Release</string>
				<key>isa</key>
				<string>XCConfigurationList</string>
			</dict>
			<key>E4B69B4E0A3A1720003C02F2</key>
			<dict>
				<key>baseConfigurationReference</key>
				<string>E4EB6923138AFD0F00A09F29</string>
				<key>buildSettings</key>
				<dict>
					<key>HEADER_SEARCH_PATHS</key>
					<array>
						<string>$(OF_CORE_HEADERS)</string>
						<string>../../../addons/ofxPolyfit/libs</string>
						<string>../../../addons/ofxPolyfit/libs/polyNfit</string>
						<string>../../../addons/ofxPolyfit/libs/polyNfit/src</string>
						<string>../../../addons/ofxPolyfit/libs/polyNfit/src/Data</string>
						<string>../../../addons/ofxPolyfit/src</string>
					</array>
					<key>ARCHS</key>
					<string>$(NATIVE_ARCH)</string>
					<key>CONFIGURATION_BUILD_DIR</key>
					<string>$(SRCROOT)/bin/</string>
					<key>COPY_PHASE_STRIP</key>
					<string>NO</string>
					<key>DEAD_CODE_STRIPPING</key>
					<string>YES</string>
					<key>GCC_AUTO_VECTORIZATION</key>
					<string>YES</string>
					<key>GCC_ENABLE_SSE3_EXTENSIONS</key>
					<string>YES</string>
					<key>GCC_ENABLE_SUPPLEMENTAL_SSE3_INSTRUCTIONS</key>
					<string>YES</string>
					<key>GCC_INLINES_ARE_PRIVATE_EXTERN</key>
					<string>NO</string>
					<key>GCC_OPTIMIZATION_LEVEL</key>
					<string>0</string>
					<key>GCC_SYMBOLS_PRIVATE_EXTERN</key>
					<string>NO</string>
					<key>GCC_WARN_ABOUT_DEPRECATED_FUNCTIONS</key>
					<string>YES</string>
					<key>GCC_WARN_ABOUT_INVALID_OFFSETOF_MACRO</key>
					<string>NO</string>
					<key>GCC_WARN_ALLOW_INCOMPLETE_PROTOCOL</key>
					<string>NO</string>
					<key>GCC_WARN_UNINITIALIZED_AUTOS</key>
					<string>NO</string>
					<key>GCC_WARN_UNUSED_VALUE</key>
					<string>NO</string>
					<key>GCC_WARN_UNUSED_VARIABLE</key>
					<string>NO</string>
					<key>MACOSX_DEPLOYMENT_TARGET</key>
					<string>10.6</string>
					<key>OTHER_CPLUSPLUSFLAGS</key>
					<array>
						<string>-D__MACOSX_CORE__</string>
						<string>-lpthread</string>
						<string>-mtune=native</string>
					</array>
					<key>SDKROOT</key>
					<string>macosx</string>
				</dict>
				<key>isa</key>
				<string>XCBuildConfiguration</string>
				<key>name</key>
				<string>Debug</string>
			</dict>
			<key>E4B69B4F0A3A1720003C02F2</key>
			<dict>
				<key>baseConfigurationReference</key>
				<string>E4EB6923138AFD0F00A09F29</string>
				<key>buildSettings</key>
				<dict>
					<key>HEADER_SEARCH_PATHS</key>
					<array>
						<string>$(OF_CORE_HEADERS)</string>
						<string>../../../addons/ofxPolyfit/libs</string>
						<string>../../../addons/ofxPolyfit/libs/polyNfit</string>
						<string>../../../addons/ofxPolyfit/libs/polyNfit/src</string>
						<string>../../../addons/ofxPolyfit/libs/polyNfit/src/Data</string>
						<string>../../../addons/ofxPolyfit/src</string>
					</array>
					<key>ARCHS</key>
					<string>$(NATIVE_ARCH)</string>
					<key>CONFIGURATION_BUILD_DIR</key>
					<string>$(SRCROOT)/bin/</string>
					<key>COPY_PHASE_STRIP</key>
					<string>YES</string>
					<key>DEAD_CODE_STRIPPING</key>
					<string>YES</string>
					<key>GCC_AUTO_VECTORIZATION</key>
					<string>YES</string>
					<key>GCC_ENABLE_SSE3_EXTENSIONS</key>
					<string>YES</string>
					<key>GCC_ENABLE_SUPPLEMENTAL_SSE3_INSTRUCTIONS</key>
					<string>YES</string>
					<key>GCC_INLINES_ARE_PRIVATE_EXTERN</key>
					<string>NO</string>
					<key>GCC_OPTIMIZATION_LEVEL</key>
					<string>3</string>
					<key>GCC_SYMBOLS_PRIVATE_EXTERN</key>
					<string>NO</string>
					<key>GCC_UNROLL_LOOPS</key>
					<string>YES</string>
					<key>GCC_WARN_ABOUT_DEPRECATED_FUNCTIONS</key>
					<string>YES</string>
					<key>GCC_WARN_ABOUT_INVALID_OFFSETOF_MACRO</key>
					<string>NO</string>
					<key>GCC_WARN_ALLOW_INCOMPLETE_PROTOCOL</key>
					<string>NO</string>
					<key>GCC_WARN_UNINITIALIZED_AUTOS</key>
					<string>NO</string>
					<key>GCC_WARN_UNUSED_VALUE</key>
					<string>NO</string>
					<key>GCC_WARN_UNUSED_VARIABLE</key>
					<string>NO</string>
					<key>MACOSX_DEPLOYMENT_TARGET</key>
					<string>10.6</string>
					<key>OTHER_CPLUSPLUSFLAGS</key>
					<array>
						<string>-D__MACOSX_CORE__</string>
						<string>-lpthread</string>
						<string>-mtune=native</string>
					</array>
					<key>SDKROOT</key>
					<string>macosx</string>
				</dict>
				<key>isa</key>
				<string>XCBuildConfiguration</string>
				<key>name</key>
				<string>Release</string>
			</dict>
			<key>E4B69B580A3A1756003C02F2</key>
			<dict>
				<key>buildActionMask</key>
				<string>2147483647</string>
				<key>files</key>
				<array>
					<string>E4B69E200A3A1BDC003C02F2</string>
					<string>E4B69E210A3A1BDC003C02F2</string>
					<string>B07D84D5AF2CEBA47D5A7FA7</string>
					<string>BAFD25C591F1CE8E5BFBCB62</string>
					<string>E6F00B7A366DC72A606CD702</string>
					<string>A1007BF5177F80971AE5B476</string>
					<string>94D03B24561CD80C20565562</string>
					<string>F347872983C34B9241F47A9C</string>
					<string>E15509ECD0D857D6FD58A1B4</string>
					<string>B77FE4F6B9651FF7A85CFFB5</string>
					<string>46E71D95D0B482D8633E9351</string>
					<string>2A35C1702297968B95FF6724</string>
				</array>
				<key>isa</key>
				<string>PBXSourcesBuildPhase</string>
				<key>runOnlyForDeploymentPostprocessing</key>
				<string>0</string>
			</dict>
			<key>E4B69B590A3A1756003C02F2</key>
			<dict>
				<key>buildActionMask</key>
				<string>2147483647</string>
				<key>files</key>
				<array>
					<string>E7F985F815E0DEA3003869B5</string>
					<string>E7E077E815D3B6510020DFD4</string>
					<string>E4EB6799138ADC1D00A09F29</string>
					<string>E4328149138ABC9F0047C5CB</string>
					<string>E45BE97B0E8CC7DD009D7055</string>
					<string>E45BE97C0E8CC7DD009D7055</string>
					<string>E45BE97D0E8CC7DD009D7055</string>
					<string>E45BE97F0E8CC7DD009D7055</string>
					<string>E45BE9800E8CC7DD009D7055</string>
					<string>E45BE9810E8CC7DD009D7055</string>
					<string>E45BE9830E8CC7DD009D7055</string>
					<string>E45BE9840E8CC7DD009D7055</string>
					<string>E4C2424710CC5A17004149E2</string>
					<string>E4C2424810CC5A17004149E2</string>
					<string>E4C2424910CC5A17004149E2</string>
					<string>E7E077E515D3B63C0020DFD4</string>
				</array>
				<key>isa</key>
				<string>PBXFrameworksBuildPhase</string>
				<key>runOnlyForDeploymentPostprocessing</key>
				<string>0</string>
			</dict>
			<key>E4B69B5A0A3A1756003C02F2</key>
			<dict>
				<key>buildConfigurationList</key>
				<string>E4B69B5F0A3A1757003C02F2</string>
				<key>buildPhases</key>
				<array>
					<string>E4B69B580A3A1756003C02F2</string>
					<string>E4B69B590A3A1756003C02F2</string>
					<string>E4B6FFFD0C3F9AB9008CF71C</string>
					<string>E4C2427710CC5ABF004149E2</string>
				</array>
				<key>buildRules</key>
				<array />
				<key>dependencies</key>
				<array>
					<string>E4EEB9AC138B136A00A80321</string>
				</array>
				<key>isa</key>
				<string>PBXNativeTarget</string>
				<key>name</key>
				<string>ofxPolyfit</string>
				<key>productName</key>
				<string>myOFApp</string>
				<key>productReference</key>
				<string>E4B69B5B0A3A1756003C02F2</string>
				<key>productType</key>
				<string>com.apple.product-type.application</string>
			</dict>
			<key>E4B69B5B0A3A1756003C02F2</key>
			<dict>
				<key>explicitFileType</key>
				<string>wrapper.application</string>
				<key>includeInIndex</key>
				<string>0</string>
				<key>isa</key>
				<string>PBXFileReference</string>
				<key>path</key>
				<string>ofxPolyfitDebug.app</string>
				<key>sourceTree</key>
				<string>BUILT_PRODUCTS_DIR</string>
			</dict>
			<key>E4B69B5F0A3A1757003C02F2</key>
			<dict>
				<key>buildConfigurations</key>
				<array>
					<string>E4B69B600A3A1757003C02F2</string>
					<string>E4B69B610A3A1757003C02F2</string>
				</array>
				<key>defaultConfigurationIsVisible</key>
				<string>0</string>
				<key>defaultConfigurationName</key>
				<string>Release</string>
				<key>isa</key>
				<string>XCConfigurationList</string>
			</dict>
			<key>E4B69B600A3A1757003C02F2</key>
			<dict>
				<key>buildSettings</key>
				<dict>
					<key>COMBINE_HIDPI_IMAGES</key>
					<string>YES</string>
					<key>COPY_PHASE_STRIP</key>
					<string>NO</string>
					<key>FRAMEWORK_SEARCH_PATHS</key>
					<array>
						<string>$(inherited)</string>
						<string>$(FRAMEWORK_SEARCH_PATHS_QUOTED_FOR_TARGET_1)</string>
					</array>
					<key>FRAMEWORK_SEARCH_PATHS_QUOTED_FOR_TARGET_1</key>
					<string>"$(SRCROOT)/../../../libs/glut/lib/osx"</string>
					<key>GCC_DYNAMIC_NO_PIC</key>
					<string>NO</string>
					<key>GCC_GENERATE_DEBUGGING_SYMBOLS</key>
					<string>YES</string>
					<key>GCC_MODEL_TUNING</key>
					<string>NONE</string>
					<key>ICON</key>
					<string>$(ICON_NAME_DEBUG)</string>
					<key>ICON_FILE</key>
					<string>$(ICON_FILE_PATH)$(ICON)</string>
					<key>INFOPLIST_FILE</key>
					<string>openFrameworks-Info.plist</string>
					<key>INSTALL_PATH</key>
					<string>$(HOME)/Applications</string>
					<key>LIBRARY_SEARCH_PATHS</key>
					<array>
						<string>$(inherited)</string>
						<string>$(LIBRARY_SEARCH_PATHS_QUOTED_FOR_TARGET_1)</string>
						<string>$(LIBRARY_SEARCH_PATHS_QUOTED_FOR_TARGET_2)</string>
						<string>$(LIBRARY_SEARCH_PATHS_QUOTED_FOR_TARGET_3)</string>
						<string>$(LIBRARY_SEARCH_PATHS_QUOTED_FOR_TARGET_4)</string>
						<string>$(LIBRARY_SEARCH_PATHS_QUOTED_FOR_TARGET_5)</string>
						<string>$(LIBRARY_SEARCH_PATHS_QUOTED_FOR_TARGET_6)</string>
						<string>$(LIBRARY_SEARCH_PATHS_QUOTED_FOR_TARGET_7)</string>
						<string>$(LIBRARY_SEARCH_PATHS_QUOTED_FOR_TARGET_8)</string>
						<string>$(LIBRARY_SEARCH_PATHS_QUOTED_FOR_TARGET_9)</string>
						<string>$(LIBRARY_SEARCH_PATHS_QUOTED_FOR_TARGET_10)</string>
						<string>$(LIBRARY_SEARCH_PATHS_QUOTED_FOR_TARGET_11)</string>
						<string>$(LIBRARY_SEARCH_PATHS_QUOTED_FOR_TARGET_12)</string>
						<string>$(LIBRARY_SEARCH_PATHS_QUOTED_FOR_TARGET_13)</string>
						<string>$(LIBRARY_SEARCH_PATHS_QUOTED_FOR_TARGET_14)</string>
						<string>$(LIBRARY_SEARCH_PATHS_QUOTED_FOR_TARGET_15)</string>
						<string>$(LIBRARY_SEARCH_PATHS_QUOTED_FOR_TARGET_2)</string>
						<string>$(LIBRARY_SEARCH_PATHS_QUOTED_FOR_TARGET_3)</string>
						<string>$(LIBRARY_SEARCH_PATHS_QUOTED_FOR_TARGET_7)</string>
						<string>$(LIBRARY_SEARCH_PATHS_QUOTED_FOR_TARGET_8)</string>
						<string>$(LIBRARY_SEARCH_PATHS_QUOTED_FOR_TARGET_9)</string>
						<string>$(LIBRARY_SEARCH_PATHS_QUOTED_FOR_TARGET_10)</string>
						<string>$(LIBRARY_SEARCH_PATHS_QUOTED_FOR_TARGET_11)</string>
						<string>$(LIBRARY_SEARCH_PATHS_QUOTED_FOR_TARGET_12)</string>
						<string>$(LIBRARY_SEARCH_PATHS_QUOTED_FOR_TARGET_13)</string>
						<string>$(LIBRARY_SEARCH_PATHS_QUOTED_FOR_TARGET_16)</string>
						<string>$(LIBRARY_SEARCH_PATHS_QUOTED_FOR_TARGET_17)</string>
						<string>$(LIBRARY_SEARCH_PATHS_QUOTED_FOR_TARGET_18)</string>
						<string>$(LIBRARY_SEARCH_PATHS_QUOTED_FOR_TARGET_19)</string>
						<string>$(LIBRARY_SEARCH_PATHS_QUOTED_FOR_TARGET_20)</string>
						<string>$(LIBRARY_SEARCH_PATHS_QUOTED_FOR_TARGET_21)</string>
						<string>$(LIBRARY_SEARCH_PATHS_QUOTED_FOR_TARGET_22)</string>
						<string>$(LIBRARY_SEARCH_PATHS_QUOTED_FOR_TARGET_23)</string>
						<string>$(LIBRARY_SEARCH_PATHS_QUOTED_FOR_TARGET_24)</string>
						<string>$(LIBRARY_SEARCH_PATHS_QUOTED_FOR_TARGET_25)</string>
						<string>$(LIBRARY_SEARCH_PATHS_QUOTED_FOR_TARGET_26)</string>
						<string>$(LIBRARY_SEARCH_PATHS_QUOTED_FOR_TARGET_27)</string>
						<string>$(LIBRARY_SEARCH_PATHS_QUOTED_FOR_TARGET_28)</string>
						<string>$(LIBRARY_SEARCH_PATHS_QUOTED_FOR_TARGET_29)</string>
						<string>$(LIBRARY_SEARCH_PATHS_QUOTED_FOR_TARGET_30)</string>
						<string>$(LIBRARY_SEARCH_PATHS_QUOTED_FOR_TARGET_31)</string>
						<string>$(LIBRARY_SEARCH_PATHS_QUOTED_FOR_TARGET_32)</string>
						<string>$(LIBRARY_SEARCH_PATHS_QUOTED_FOR_TARGET_33)</string>
						<string>$(LIBRARY_SEARCH_PATHS_QUOTED_FOR_TARGET_34)</string>
						<string>$(LIBRARY_SEARCH_PATHS_QUOTED_FOR_TARGET_35)</string>
						<string>$(LIBRARY_SEARCH_PATHS_QUOTED_FOR_TARGET_36)</string>
						<string>$(LIBRARY_SEARCH_PATHS_QUOTED_FOR_TARGET_37)</string>
						<string>$(LIBRARY_SEARCH_PATHS_QUOTED_FOR_TARGET_38)</string>
						<string>$(LIBRARY_SEARCH_PATHS_QUOTED_FOR_TARGET_39)</string>
						<string>$(LIBRARY_SEARCH_PATHS_QUOTED_FOR_TARGET_40)</string>
						<string>$(LIBRARY_SEARCH_PATHS_QUOTED_FOR_TARGET_41)</string>
						<string>$(LIBRARY_SEARCH_PATHS_QUOTED_FOR_TARGET_42)</string>
						<string>$(LIBRARY_SEARCH_PATHS_QUOTED_FOR_TARGET_43)</string>
						<string>$(LIBRARY_SEARCH_PATHS_QUOTED_FOR_TARGET_44)</string>
						<string>$(LIBRARY_SEARCH_PATHS_QUOTED_FOR_TARGET_45)</string>
						<string>$(LIBRARY_SEARCH_PATHS_QUOTED_FOR_TARGET_46)</string>
						<string>$(LIBRARY_SEARCH_PATHS_QUOTED_FOR_TARGET_47)</string>
						<string>$(LIBRARY_SEARCH_PATHS_QUOTED_FOR_TARGET_48)</string>
						<string>$(LIBRARY_SEARCH_PATHS_QUOTED_FOR_TARGET_49)</string>
						<string>$(LIBRARY_SEARCH_PATHS_QUOTED_FOR_TARGET_50)</string>
						<string>$(LIBRARY_SEARCH_PATHS_QUOTED_FOR_TARGET_51)</string>
						<string>$(LIBRARY_SEARCH_PATHS_QUOTED_FOR_TARGET_52)</string>
					</array>
					<key>PRODUCT_NAME</key>
					<string>$(TARGET_NAME)Debug</string>
					<key>WRAPPER_EXTENSION</key>
					<string>app</string>
				</dict>
				<key>isa</key>
				<string>XCBuildConfiguration</string>
				<key>name</key>
				<string>Debug</string>
			</dict>
			<key>E4B69B610A3A1757003C02F2</key>
			<dict>
				<key>buildSettings</key>
				<dict>
					<key>COMBINE_HIDPI_IMAGES</key>
					<string>YES</string>
					<key>COPY_PHASE_STRIP</key>
					<string>YES</string>
					<key>FRAMEWORK_SEARCH_PATHS</key>
					<array>
						<string>$(inherited)</string>
						<string>$(FRAMEWORK_SEARCH_PATHS_QUOTED_FOR_TARGET_1)</string>
					</array>
					<key>FRAMEWORK_SEARCH_PATHS_QUOTED_FOR_TARGET_1</key>
					<string>"$(SRCROOT)/../../../libs/glut/lib/osx"</string>
					<key>GCC_GENERATE_DEBUGGING_SYMBOLS</key>
					<string>YES</string>
					<key>GCC_MODEL_TUNING</key>
					<string>NONE</string>
					<key>ICON</key>
					<string>$(ICON_NAME_RELEASE)</string>
					<key>ICON_FILE</key>
					<string>$(ICON_FILE_PATH)$(ICON)</string>
					<key>INFOPLIST_FILE</key>
					<string>openFrameworks-Info.plist</string>
					<key>INSTALL_PATH</key>
					<string>$(HOME)/Applications</string>
					<key>LIBRARY_SEARCH_PATHS</key>
					<array>
						<string>$(inherited)</string>
						<string>$(LIBRARY_SEARCH_PATHS_QUOTED_FOR_TARGET_1)</string>
						<string>$(LIBRARY_SEARCH_PATHS_QUOTED_FOR_TARGET_2)</string>
						<string>$(LIBRARY_SEARCH_PATHS_QUOTED_FOR_TARGET_3)</string>
						<string>$(LIBRARY_SEARCH_PATHS_QUOTED_FOR_TARGET_4)</string>
						<string>$(LIBRARY_SEARCH_PATHS_QUOTED_FOR_TARGET_5)</string>
						<string>$(LIBRARY_SEARCH_PATHS_QUOTED_FOR_TARGET_6)</string>
						<string>$(LIBRARY_SEARCH_PATHS_QUOTED_FOR_TARGET_7)</string>
						<string>$(LIBRARY_SEARCH_PATHS_QUOTED_FOR_TARGET_8)</string>
						<string>$(LIBRARY_SEARCH_PATHS_QUOTED_FOR_TARGET_9)</string>
						<string>$(LIBRARY_SEARCH_PATHS_QUOTED_FOR_TARGET_10)</string>
						<string>$(LIBRARY_SEARCH_PATHS_QUOTED_FOR_TARGET_11)</string>
						<string>$(LIBRARY_SEARCH_PATHS_QUOTED_FOR_TARGET_12)</string>
						<string>$(LIBRARY_SEARCH_PATHS_QUOTED_FOR_TARGET_13)</string>
						<string>$(LIBRARY_SEARCH_PATHS_QUOTED_FOR_TARGET_14)</string>
						<string>$(LIBRARY_SEARCH_PATHS_QUOTED_FOR_TARGET_15)</string>
						<string>$(LIBRARY_SEARCH_PATHS_QUOTED_FOR_TARGET_2)</string>
						<string>$(LIBRARY_SEARCH_PATHS_QUOTED_1)</string>
						<string>$(LIBRARY_SEARCH_PATHS_QUOTED_FOR_TARGET_3)</string>
						<string>$(LIBRARY_SEARCH_PATHS_QUOTED_FOR_TARGET_7)</string>
						<string>$(LIBRARY_SEARCH_PATHS_QUOTED_FOR_TARGET_8)</string>
						<string>$(LIBRARY_SEARCH_PATHS_QUOTED_FOR_TARGET_9)</string>
						<string>$(LIBRARY_SEARCH_PATHS_QUOTED_FOR_TARGET_10)</string>
						<string>$(LIBRARY_SEARCH_PATHS_QUOTED_FOR_TARGET_11)</string>
						<string>$(LIBRARY_SEARCH_PATHS_QUOTED_FOR_TARGET_12)</string>
						<string>$(LIBRARY_SEARCH_PATHS_QUOTED_FOR_TARGET_13)</string>
						<string>$(LIBRARY_SEARCH_PATHS_QUOTED_FOR_TARGET_16)</string>
						<string>$(LIBRARY_SEARCH_PATHS_QUOTED_FOR_TARGET_17)</string>
						<string>$(LIBRARY_SEARCH_PATHS_QUOTED_FOR_TARGET_18)</string>
						<string>$(LIBRARY_SEARCH_PATHS_QUOTED_FOR_TARGET_19)</string>
						<string>$(LIBRARY_SEARCH_PATHS_QUOTED_FOR_TARGET_20)</string>
						<string>$(LIBRARY_SEARCH_PATHS_QUOTED_FOR_TARGET_21)</string>
						<string>$(LIBRARY_SEARCH_PATHS_QUOTED_FOR_TARGET_22)</string>
						<string>$(LIBRARY_SEARCH_PATHS_QUOTED_FOR_TARGET_23)</string>
						<string>$(LIBRARY_SEARCH_PATHS_QUOTED_FOR_TARGET_24)</string>
						<string>$(LIBRARY_SEARCH_PATHS_QUOTED_FOR_TARGET_25)</string>
						<string>$(LIBRARY_SEARCH_PATHS_QUOTED_FOR_TARGET_26)</string>
						<string>$(LIBRARY_SEARCH_PATHS_QUOTED_FOR_TARGET_27)</string>
						<string>$(LIBRARY_SEARCH_PATHS_QUOTED_FOR_TARGET_28)</string>
						<string>$(LIBRARY_SEARCH_PATHS_QUOTED_FOR_TARGET_29)</string>
						<string>$(LIBRARY_SEARCH_PATHS_QUOTED_FOR_TARGET_30)</string>
						<string>$(LIBRARY_SEARCH_PATHS_QUOTED_FOR_TARGET_31)</string>
						<string>$(LIBRARY_SEARCH_PATHS_QUOTED_FOR_TARGET_32)</string>
						<string>$(LIBRARY_SEARCH_PATHS_QUOTED_FOR_TARGET_33)</string>
						<string>$(LIBRARY_SEARCH_PATHS_QUOTED_FOR_TARGET_34)</string>
						<string>$(LIBRARY_SEARCH_PATHS_QUOTED_FOR_TARGET_35)</string>
						<string>$(LIBRARY_SEARCH_PATHS_QUOTED_FOR_TARGET_36)</string>
						<string>$(LIBRARY_SEARCH_PATHS_QUOTED_FOR_TARGET_37)</string>
						<string>$(LIBRARY_SEARCH_PATHS_QUOTED_FOR_TARGET_38)</string>
						<string>$(LIBRARY_SEARCH_PATHS_QUOTED_FOR_TARGET_39)</string>
						<string>$(LIBRARY_SEARCH_PATHS_QUOTED_FOR_TARGET_40)</string>
						<string>$(LIBRARY_SEARCH_PATHS_QUOTED_FOR_TARGET_41)</string>
						<string>$(LIBRARY_SEARCH_PATHS_QUOTED_FOR_TARGET_42)</string>
						<string>$(LIBRARY_SEARCH_PATHS_QUOTED_FOR_TARGET_43)</string>
						<string>$(LIBRARY_SEARCH_PATHS_QUOTED_FOR_TARGET_44)</string>
						<string>$(LIBRARY_SEARCH_PATHS_QUOTED_FOR_TARGET_45)</string>
						<string>$(LIBRARY_SEARCH_PATHS_QUOTED_FOR_TARGET_46)</string>
						<string>$(LIBRARY_SEARCH_PATHS_QUOTED_FOR_TARGET_47)</string>
						<string>$(LIBRARY_SEARCH_PATHS_QUOTED_FOR_TARGET_48)</string>
						<string>$(LIBRARY_SEARCH_PATHS_QUOTED_FOR_TARGET_49)</string>
						<string>$(LIBRARY_SEARCH_PATHS_QUOTED_FOR_TARGET_50)</string>
						<string>$(LIBRARY_SEARCH_PATHS_QUOTED_FOR_TARGET_51)</string>
					</array>
					<key>PRODUCT_NAME</key>
					<string>$(TARGET_NAME)</string>
					<key>WRAPPER_EXTENSION</key>
					<string>app</string>
				</dict>
				<key>isa</key>
				<string>XCBuildConfiguration</string>
				<key>name</key>
				<string>Release</string>
			</dict>
			<key>E4B69E1C0A3A1BDC003C02F2</key>
			<dict>
				<key>children</key>
				<array>
					<string>E4B69E1D0A3A1BDC003C02F2</string>
					<string>E4B69E1E0A3A1BDC003C02F2</string>
					<string>E4B69E1F0A3A1BDC003C02F2</string>
				</array>
				<key>isa</key>
				<string>PBXGroup</string>
				<key>path</key>
				<string>src</string>
				<key>sourceTree</key>
				<string>SOURCE_ROOT</string>
			</dict>
			<key>E4B69E1D0A3A1BDC003C02F2</key>
			<dict>
				<key>fileEncoding</key>
				<string>30</string>
				<key>isa</key>
				<string>PBXFileReference</string>
				<key>lastKnownFileType</key>
				<string>sourcecode.cpp.cpp</string>
				<key>name</key>
				<string>main.cpp</string>
				<key>path</key>
				<string>src/main.cpp</string>
				<key>sourceTree</key>
				<string>SOURCE_ROOT</string>
			</dict>
			<key>E4B69E1E0A3A1BDC003C02F2</key>
			<dict>
				<key>explicitFileType</key>
				<string>sourcecode.cpp.cpp</string>
				<key>fileEncoding</key>
				<string>30</string>
				<key>isa</key>
				<string>PBXFileReference</string>
				<key>name</key>
				<string>ofApp.cpp</string>
				<key>path</key>
				<string>src/ofApp.cpp</string>
				<key>sourceTree</key>
				<string>SOURCE_ROOT</string>
			</dict>
			<key>E4B69E1F0A3A1BDC003C02F2</key>
			<dict>
				<key>fileEncoding</key>
				<string>30</string>
				<key>isa</key>
				<string>PBXFileReference</string>
				<key>lastKnownFileType</key>
				<string>sourcecode.c.h</string>
				<key>name</key>
				<string>ofApp.h</string>
				<key>path</key>
				<string>src/ofApp.h</string>
				<key>sourceTree</key>
				<string>SOURCE_ROOT</string>
			</dict>
			<key>E4B69E200A3A1BDC003C02F2</key>
			<dict>
				<key>fileRef</key>
				<string>E4B69E1D0A3A1BDC003C02F2</string>
				<key>isa</key>
				<string>PBXBuildFile</string>
			</dict>
			<key>E4B69E210A3A1BDC003C02F2</key>
			<dict>
				<key>fileRef</key>
				<string>E4B69E1E0A3A1BDC003C02F2</string>
				<key>isa</key>
				<string>PBXBuildFile</string>
			</dict>
			<key>E4B6FCAD0C3E899E008CF71C</key>
			<dict>
				<key>fileEncoding</key>
				<string>30</string>
				<key>isa</key>
				<string>PBXFileReference</string>
				<key>lastKnownFileType</key>
				<string>text.plist.xml</string>
				<key>path</key>
				<string>openFrameworks-Info.plist</string>
				<key>sourceTree</key>
				<string>&lt;group&gt;</string>
			</dict>
			<key>E4B6FFFD0C3F9AB9008CF71C</key>
			<dict>
				<key>buildActionMask</key>
				<string>2147483647</string>
				<key>files</key>
				<array />
				<key>inputPaths</key>
				<array />
				<key>isa</key>
				<string>PBXShellScriptBuildPhase</string>
				<key>outputPaths</key>
				<array />
				<key>runOnlyForDeploymentPostprocessing</key>
				<string>0</string>
				<key>shellPath</key>
				<string>/bin/sh</string>
				<key>shellScript</key>
				<string>cp -f ../../../libs/fmodex/lib/osx/libfmodex.dylib "$TARGET_BUILD_DIR/$PRODUCT_NAME.app/Contents/MacOS/libfmodex.dylib"; install_name_tool -change ./libfmodex.dylib @executable_path/libfmodex.dylib "$TARGET_BUILD_DIR/$PRODUCT_NAME.app/Contents/MacOS/$PRODUCT_NAME";
mkdir -p "$TARGET_BUILD_DIR/$PRODUCT_NAME.app/Contents/Resources/"
cp -f "$ICON_FILE" "$TARGET_BUILD_DIR/$PRODUCT_NAME.app/Contents/Resources/"
</string>
			</dict>
			<key>E4C2424410CC5A17004149E2</key>
			<dict>
				<key>isa</key>
				<string>PBXFileReference</string>
				<key>lastKnownFileType</key>
				<string>wrapper.framework</string>
				<key>name</key>
				<string>AppKit.framework</string>
				<key>path</key>
				<string>/System/Library/Frameworks/AppKit.framework</string>
				<key>sourceTree</key>
				<string>&lt;absolute&gt;</string>
			</dict>
			<key>E4C2424510CC5A17004149E2</key>
			<dict>
				<key>isa</key>
				<string>PBXFileReference</string>
				<key>lastKnownFileType</key>
				<string>wrapper.framework</string>
				<key>name</key>
				<string>Cocoa.framework</string>
				<key>path</key>
				<string>/System/Library/Frameworks/Cocoa.framework</string>
				<key>sourceTree</key>
				<string>&lt;absolute&gt;</string>
			</dict>
			<key>E4C2424610CC5A17004149E2</key>
			<dict>
				<key>isa</key>
				<string>PBXFileReference</string>
				<key>lastKnownFileType</key>
				<string>wrapper.framework</string>
				<key>name</key>
				<string>IOKit.framework</string>
				<key>path</key>
				<string>/System/Library/Frameworks/IOKit.framework</string>
				<key>sourceTree</key>
				<string>&lt;absolute&gt;</string>
			</dict>
			<key>E4C2424710CC5A17004149E2</key>
			<dict>
				<key>fileRef</key>
				<string>E4C2424410CC5A17004149E2</string>
				<key>isa</key>
				<string>PBXBuildFile</string>
			</dict>
			<key>E4C2424810CC5A17004149E2</key>
			<dict>
				<key>fileRef</key>
				<string>E4C2424510CC5A17004149E2</string>
				<key>isa</key>
				<string>PBXBuildFile</string>
			</dict>
			<key>E4C2424910CC5A17004149E2</key>
			<dict>
				<key>fileRef</key>
				<string>E4C2424610CC5A17004149E2</string>
				<key>isa</key>
				<string>PBXBuildFile</string>
			</dict>
			<key>E4C2427710CC5ABF004149E2</key>
			<dict>
				<key>buildActionMask</key>
				<string>2147483647</string>
				<key>dstPath</key>
				<string />
				<key>dstSubfolderSpec</key>
				<string>10</string>
				<key>files</key>
				<array>
					<string>BBAB23CB13894F3D00AA2426</string>
				</array>
				<key>isa</key>
				<string>PBXCopyFilesBuildPhase</string>
				<key>runOnlyForDeploymentPostprocessing</key>
				<string>0</string>
			</dict>
			<key>E4EB6799138ADC1D00A09F29</key>
			<dict>
				<key>fileRef</key>
				<string>BBAB23BE13894E4700AA2426</string>
				<key>isa</key>
				<string>PBXBuildFile</string>
			</dict>
			<key>E4EB691F138AFCF100A09F29</key>
			<dict>
				<key>fileEncoding</key>
				<string>4</string>
				<key>isa</key>
				<string>PBXFileReference</string>
				<key>lastKnownFileType</key>
				<string>text.xcconfig</string>
				<key>name</key>
				<string>CoreOF.xcconfig</string>
				<key>path</key>
				<string>../../../libs/openFrameworksCompiled/project/osx/CoreOF.xcconfig</string>
				<key>sourceTree</key>
				<string>SOURCE_ROOT</string>
			</dict>
			<key>E4EB6923138AFD0F00A09F29</key>
			<dict>
				<key>fileEncoding</key>
				<string>4</string>
				<key>isa</key>
				<string>PBXFileReference</string>
				<key>lastKnownFileType</key>
				<string>text.xcconfig</string>
				<key>path</key>
				<string>Project.xcconfig</string>
				<key>sourceTree</key>
				<string>&lt;group&gt;</string>
			</dict>
			<key>E4EEB9AB138B136A00A80321</key>
			<dict>
				<key>containerPortal</key>
				<string>E4328143138ABC890047C5CB</string>
				<key>isa</key>
				<string>PBXContainerItemProxy</string>
				<key>proxyType</key>
				<string>1</string>
				<key>remoteGlobalIDString</key>
				<string>E4B27C1410CBEB8E00536013</string>
				<key>remoteInfo</key>
				<string>openFrameworks</string>
			</dict>
			<key>E4EEB9AC138B136A00A80321</key>
			<dict>
				<key>isa</key>
				<string>PBXTargetDependency</string>
				<key>name</key>
				<string>openFrameworks</string>
				<key>targetProxy</key>
				<string>E4EEB9AB138B136A00A80321</string>
			</dict>
			<key>E4EEC9E9138DF44700A80321</key>
			<dict>
				<key>children</key>
				<array>
					<string>E4EB691F138AFCF100A09F29</string>
					<string>E4328143138ABC890047C5CB</string>
				</array>
				<key>isa</key>
				<string>PBXGroup</string>
				<key>name</key>
				<string>openFrameworks</string>
				<key>sourceTree</key>
				<string>&lt;group&gt;</string>
			</dict>
			<key>E7E077E415D3B63C0020DFD4</key>
			<dict>
				<key>isa</key>
				<string>PBXFileReference</string>
				<key>lastKnownFileType</key>
				<string>wrapper.framework</string>
				<key>name</key>
				<string>CoreVideo.framework</string>
				<key>path</key>
				<string>/System/Library/Frameworks/CoreVideo.framework</string>
				<key>sourceTree</key>
				<string>&lt;absolute&gt;</string>
			</dict>
			<key>E7E077E515D3B63C0020DFD4</key>
			<dict>
				<key>fileRef</key>
				<string>E7E077E415D3B63C0020DFD4</string>
				<key>isa</key>
				<string>PBXBuildFile</string>
			</dict>
			<key>E7E077E715D3B6510020DFD4</key>
			<dict>
				<key>isa</key>
				<string>PBXFileReference</string>
				<key>lastKnownFileType</key>
				<string>wrapper.framework</string>
				<key>name</key>
				<string>QTKit.framework</string>
				<key>path</key>
				<string>/System/Library/Frameworks/QTKit.framework</string>
				<key>sourceTree</key>
				<string>&lt;absolute&gt;</string>
			</dict>
			<key>E7E077E815D3B6510020DFD4</key>
			<dict>
				<key>fileRef</key>
				<string>E7E077E715D3B6510020DFD4</string>
				<key>isa</key>
				<string>PBXBuildFile</string>
			</dict>
			<key>E7F985F515E0DE99003869B5</key>
			<dict>
				<key>isa</key>
				<string>PBXFileReference</string>
				<key>lastKnownFileType</key>
				<string>wrapper.framework</string>
				<key>name</key>
				<string>Accelerate.framework</string>
				<key>path</key>
				<string>/System/Library/Frameworks/Accelerate.framework</string>
				<key>sourceTree</key>
				<string>&lt;absolute&gt;</string>
			</dict>
			<key>E7F985F815E0DEA3003869B5</key>
			<dict>
				<key>fileRef</key>
				<string>E7F985F515E0DE99003869B5</string>
				<key>isa</key>
				<string>PBXBuildFile</string>
			</dict>
		</dict>
		<key>rootObject</key>
		<string>E4B69B4C0A3A1720003C02F2</string>
	</dict>
</plist>
